// !$*UTF8*$!
{
	archiveVersion = 1;
	classes = {
	};
	objectVersion = 46;
	objects = {

/* Begin PBXBuildFile section */
		83B131111C9AF01300987B4F /* main.m in Sources */ = {isa = PBXBuildFile; fileRef = 83B131101C9AF01300987B4F /* main.m */; };
		83B131141C9AF01300987B4F /* AppDelegate.m in Sources */ = {isa = PBXBuildFile; fileRef = 83B131131C9AF01300987B4F /* AppDelegate.m */; };
		83B131171C9AF01300987B4F /* ViewController.m in Sources */ = {isa = PBXBuildFile; fileRef = 83B131161C9AF01300987B4F /* ViewController.m */; };
		83B1311A1C9AF01300987B4F /* Main.storyboard in Resources */ = {isa = PBXBuildFile; fileRef = 83B131181C9AF01300987B4F /* Main.storyboard */; };
		83B1311C1C9AF01300987B4F /* Assets.xcassets in Resources */ = {isa = PBXBuildFile; fileRef = 83B1311B1C9AF01300987B4F /* Assets.xcassets */; };
		83B1311F1C9AF01300987B4F /* LaunchScreen.storyboard in Resources */ = {isa = PBXBuildFile; fileRef = 83B1311D1C9AF01300987B4F /* LaunchScreen.storyboard */; };
		83B3FB7E1CA3016600E8EB8E /* eh_alert_close_icon@2x.png in Resources */ = {isa = PBXBuildFile; fileRef = 83B3FB7A1CA3016600E8EB8E /* eh_alert_close_icon@2x.png */; };
		83B3FB7F1CA3016600E8EB8E /* eh_alert_complete_icon@2x.png in Resources */ = {isa = PBXBuildFile; fileRef = 83B3FB7B1CA3016600E8EB8E /* eh_alert_complete_icon@2x.png */; };
		83B3FB801CA3016600E8EB8E /* eh_alert_error_icon@2x.png in Resources */ = {isa = PBXBuildFile; fileRef = 83B3FB7C1CA3016600E8EB8E /* eh_alert_error_icon@2x.png */; };
		83B3FB811CA3016600E8EB8E /* eh_alert_info_icon@2x.png in Resources */ = {isa = PBXBuildFile; fileRef = 83B3FB7D1CA3016600E8EB8E /* eh_alert_info_icon@2x.png */; };
		83B3FB861CA3017400E8EB8E /* EHPlainAlert.m in Sources */ = {isa = PBXBuildFile; fileRef = 83B3FB831CA3017400E8EB8E /* EHPlainAlert.m */; };
		83E7D4351CA970350011CBD6 /* EHPlainAlertExampleTests.m in Sources */ = {isa = PBXBuildFile; fileRef = 83E7D4341CA970350011CBD6 /* EHPlainAlertExampleTests.m */; };
		B532C76AEEFC35DEE0364F04 /* libPods-EHPlainAlertExample.a in Frameworks */ = {isa = PBXBuildFile; fileRef = 7E5A080AFA771C49166AD8D4 /* libPods-EHPlainAlertExample.a */; };
		CDBF58FC6EF300990932DF00 /* libPods-EHPlainAlertExampleTests.a in Frameworks */ = {isa = PBXBuildFile; fileRef = B814D5B143597AF575FFD9F3 /* libPods-EHPlainAlertExampleTests.a */; };
/* End PBXBuildFile section */

/* Begin PBXContainerItemProxy section */
		83E7D4371CA970350011CBD6 /* PBXContainerItemProxy */ = {
			isa = PBXContainerItemProxy;
			containerPortal = 83B131041C9AF01300987B4F /* Project object */;
			proxyType = 1;
			remoteGlobalIDString = 83B1310B1C9AF01300987B4F;
			remoteInfo = EHPlainAlertExample;
		};
/* End PBXContainerItemProxy section */

/* Begin PBXFileReference section */
		2447FC8AB0429154960656FD /* Pods-EHPlainAlertExample.release.xcconfig */ = {isa = PBXFileReference; includeInIndex = 1; lastKnownFileType = text.xcconfig; name = "Pods-EHPlainAlertExample.release.xcconfig"; path = "Pods/Target Support Files/Pods-EHPlainAlertExample/Pods-EHPlainAlertExample.release.xcconfig"; sourceTree = "<group>"; };
		721BDCAF98F67246B5E57EDC /* Pods-EHPlainAlertExampleTests.debug.xcconfig */ = {isa = PBXFileReference; includeInIndex = 1; lastKnownFileType = text.xcconfig; name = "Pods-EHPlainAlertExampleTests.debug.xcconfig"; path = "Pods/Target Support Files/Pods-EHPlainAlertExampleTests/Pods-EHPlainAlertExampleTests.debug.xcconfig"; sourceTree = "<group>"; };
		7E5A080AFA771C49166AD8D4 /* libPods-EHPlainAlertExample.a */ = {isa = PBXFileReference; explicitFileType = archive.ar; includeInIndex = 0; path = "libPods-EHPlainAlertExample.a"; sourceTree = BUILT_PRODUCTS_DIR; };
		83B1310C1C9AF01300987B4F /* EHPlainAlertExample.app */ = {isa = PBXFileReference; explicitFileType = wrapper.application; includeInIndex = 0; path = EHPlainAlertExample.app; sourceTree = BUILT_PRODUCTS_DIR; };
		83B131101C9AF01300987B4F /* main.m */ = {isa = PBXFileReference; lastKnownFileType = sourcecode.c.objc; path = main.m; sourceTree = "<group>"; };
		83B131121C9AF01300987B4F /* AppDelegate.h */ = {isa = PBXFileReference; lastKnownFileType = sourcecode.c.h; path = AppDelegate.h; sourceTree = "<group>"; };
		83B131131C9AF01300987B4F /* AppDelegate.m */ = {isa = PBXFileReference; lastKnownFileType = sourcecode.c.objc; path = AppDelegate.m; sourceTree = "<group>"; };
		83B131151C9AF01300987B4F /* ViewController.h */ = {isa = PBXFileReference; lastKnownFileType = sourcecode.c.h; path = ViewController.h; sourceTree = "<group>"; };
		83B131161C9AF01300987B4F /* ViewController.m */ = {isa = PBXFileReference; lastKnownFileType = sourcecode.c.objc; path = ViewController.m; sourceTree = "<group>"; };
		83B131191C9AF01300987B4F /* Base */ = {isa = PBXFileReference; lastKnownFileType = file.storyboard; name = Base; path = Base.lproj/Main.storyboard; sourceTree = "<group>"; };
		83B1311B1C9AF01300987B4F /* Assets.xcassets */ = {isa = PBXFileReference; lastKnownFileType = folder.assetcatalog; path = Assets.xcassets; sourceTree = "<group>"; };
		83B1311E1C9AF01300987B4F /* Base */ = {isa = PBXFileReference; lastKnownFileType = file.storyboard; name = Base; path = Base.lproj/LaunchScreen.storyboard; sourceTree = "<group>"; };
		83B131201C9AF01300987B4F /* Info.plist */ = {isa = PBXFileReference; lastKnownFileType = text.plist.xml; path = Info.plist; sourceTree = "<group>"; };
		83B3FB7A1CA3016600E8EB8E /* eh_alert_close_icon@2x.png */ = {isa = PBXFileReference; lastKnownFileType = image.png; name = "eh_alert_close_icon@2x.png"; path = "EHPlainAlert/icons/eh_alert_close_icon@2x.png"; sourceTree = SOURCE_ROOT; };
		83B3FB7B1CA3016600E8EB8E /* eh_alert_complete_icon@2x.png */ = {isa = PBXFileReference; lastKnownFileType = image.png; name = "eh_alert_complete_icon@2x.png"; path = "EHPlainAlert/icons/eh_alert_complete_icon@2x.png"; sourceTree = SOURCE_ROOT; };
		83B3FB7C1CA3016600E8EB8E /* eh_alert_error_icon@2x.png */ = {isa = PBXFileReference; lastKnownFileType = image.png; name = "eh_alert_error_icon@2x.png"; path = "EHPlainAlert/icons/eh_alert_error_icon@2x.png"; sourceTree = SOURCE_ROOT; };
		83B3FB7D1CA3016600E8EB8E /* eh_alert_info_icon@2x.png */ = {isa = PBXFileReference; lastKnownFileType = image.png; name = "eh_alert_info_icon@2x.png"; path = "EHPlainAlert/icons/eh_alert_info_icon@2x.png"; sourceTree = SOURCE_ROOT; };
		83B3FB821CA3017400E8EB8E /* EHPlainAlert.h */ = {isa = PBXFileReference; fileEncoding = 4; lastKnownFileType = sourcecode.c.h; name = EHPlainAlert.h; path = EHPlainAlert/EHPlainAlert.h; sourceTree = SOURCE_ROOT; };
		83B3FB831CA3017400E8EB8E /* EHPlainAlert.m */ = {isa = PBXFileReference; fileEncoding = 4; lastKnownFileType = sourcecode.c.objc; name = EHPlainAlert.m; path = EHPlainAlert/EHPlainAlert.m; sourceTree = SOURCE_ROOT; };
		83E7D4321CA970350011CBD6 /* EHPlainAlertExampleTests.xctest */ = {isa = PBXFileReference; explicitFileType = wrapper.cfbundle; includeInIndex = 0; path = EHPlainAlertExampleTests.xctest; sourceTree = BUILT_PRODUCTS_DIR; };
		83E7D4341CA970350011CBD6 /* EHPlainAlertExampleTests.m */ = {isa = PBXFileReference; lastKnownFileType = sourcecode.c.objc; path = EHPlainAlertExampleTests.m; sourceTree = "<group>"; };
		83E7D4361CA970350011CBD6 /* Info.plist */ = {isa = PBXFileReference; lastKnownFileType = text.plist.xml; path = Info.plist; sourceTree = "<group>"; };
		B814D5B143597AF575FFD9F3 /* libPods-EHPlainAlertExampleTests.a */ = {isa = PBXFileReference; explicitFileType = archive.ar; includeInIndex = 0; path = "libPods-EHPlainAlertExampleTests.a"; sourceTree = BUILT_PRODUCTS_DIR; };
		C478A8684D29E5AA496C5BC5 /* Pods-EHPlainAlertExampleTests.release.xcconfig */ = {isa = PBXFileReference; includeInIndex = 1; lastKnownFileType = text.xcconfig; name = "Pods-EHPlainAlertExampleTests.release.xcconfig"; path = "Pods/Target Support Files/Pods-EHPlainAlertExampleTests/Pods-EHPlainAlertExampleTests.release.xcconfig"; sourceTree = "<group>"; };
		E0FB82EC9F1E0BFE9ECA5639 /* Pods-EHPlainAlertExample.debug.xcconfig */ = {isa = PBXFileReference; includeInIndex = 1; lastKnownFileType = text.xcconfig; name = "Pods-EHPlainAlertExample.debug.xcconfig"; path = "Pods/Target Support Files/Pods-EHPlainAlertExample/Pods-EHPlainAlertExample.debug.xcconfig"; sourceTree = "<group>"; };
/* End PBXFileReference section */

/* Begin PBXFrameworksBuildPhase section */
		83B131091C9AF01300987B4F /* Frameworks */ = {
			isa = PBXFrameworksBuildPhase;
			buildActionMask = 2147483647;
			files = (
				B532C76AEEFC35DEE0364F04 /* libPods-EHPlainAlertExample.a in Frameworks */,
			);
			runOnlyForDeploymentPostprocessing = 0;
		};
		83E7D42F1CA970350011CBD6 /* Frameworks */ = {
			isa = PBXFrameworksBuildPhase;
			buildActionMask = 2147483647;
			files = (
				CDBF58FC6EF300990932DF00 /* libPods-EHPlainAlertExampleTests.a in Frameworks */,
			);
			runOnlyForDeploymentPostprocessing = 0;
		};
/* End PBXFrameworksBuildPhase section */

/* Begin PBXGroup section */
		33CCAB69616794C366A21572 /* Pods */ = {
			isa = PBXGroup;
			children = (
				E0FB82EC9F1E0BFE9ECA5639 /* Pods-EHPlainAlertExample.debug.xcconfig */,
				2447FC8AB0429154960656FD /* Pods-EHPlainAlertExample.release.xcconfig */,
				721BDCAF98F67246B5E57EDC /* Pods-EHPlainAlertExampleTests.debug.xcconfig */,
				C478A8684D29E5AA496C5BC5 /* Pods-EHPlainAlertExampleTests.release.xcconfig */,
			);
			name = Pods;
			sourceTree = "<group>";
		};
		83B131031C9AF01300987B4F = {
			isa = PBXGroup;
			children = (
				83B1310E1C9AF01300987B4F /* EHPlainAlertExample */,
				83E7D4331CA970350011CBD6 /* EHPlainAlertExampleTests */,
				83B1310D1C9AF01300987B4F /* Products */,
				33CCAB69616794C366A21572 /* Pods */,
				DAC84B3769D02C320A1EB4F0 /* Frameworks */,
			);
			sourceTree = "<group>";
		};
		83B1310D1C9AF01300987B4F /* Products */ = {
			isa = PBXGroup;
			children = (
				83B1310C1C9AF01300987B4F /* EHPlainAlertExample.app */,
				83E7D4321CA970350011CBD6 /* EHPlainAlertExampleTests.xctest */,
			);
			name = Products;
			sourceTree = "<group>";
		};
		83B1310E1C9AF01300987B4F /* EHPlainAlertExample */ = {
			isa = PBXGroup;
			children = (
				83B131291C9AF04200987B4F /* EHPlainAlert */,
				83B131121C9AF01300987B4F /* AppDelegate.h */,
				83B131131C9AF01300987B4F /* AppDelegate.m */,
				83B131151C9AF01300987B4F /* ViewController.h */,
				83B131161C9AF01300987B4F /* ViewController.m */,
				83B131181C9AF01300987B4F /* Main.storyboard */,
				83B1311B1C9AF01300987B4F /* Assets.xcassets */,
				83B1311D1C9AF01300987B4F /* LaunchScreen.storyboard */,
				83B131201C9AF01300987B4F /* Info.plist */,
				83B1310F1C9AF01300987B4F /* Supporting Files */,
			);
			path = EHPlainAlertExample;
			sourceTree = "<group>";
		};
		83B1310F1C9AF01300987B4F /* Supporting Files */ = {
			isa = PBXGroup;
			children = (
				83B3FB7A1CA3016600E8EB8E /* eh_alert_close_icon@2x.png */,
				83B3FB7B1CA3016600E8EB8E /* eh_alert_complete_icon@2x.png */,
				83B3FB7C1CA3016600E8EB8E /* eh_alert_error_icon@2x.png */,
				83B3FB7D1CA3016600E8EB8E /* eh_alert_info_icon@2x.png */,
				83B131101C9AF01300987B4F /* main.m */,
			);
			name = "Supporting Files";
			sourceTree = "<group>";
		};
		83B131291C9AF04200987B4F /* EHPlainAlert */ = {
			isa = PBXGroup;
			children = (
				83B3FB821CA3017400E8EB8E /* EHPlainAlert.h */,
				83B3FB831CA3017400E8EB8E /* EHPlainAlert.m */,
			);
			name = EHPlainAlert;
			sourceTree = "<group>";
		};
		83E7D4331CA970350011CBD6 /* EHPlainAlertExampleTests */ = {
			isa = PBXGroup;
			children = (
				83E7D4341CA970350011CBD6 /* EHPlainAlertExampleTests.m */,
				83E7D4361CA970350011CBD6 /* Info.plist */,
			);
			path = EHPlainAlertExampleTests;
			sourceTree = "<group>";
		};
		DAC84B3769D02C320A1EB4F0 /* Frameworks */ = {
			isa = PBXGroup;
			children = (
				7E5A080AFA771C49166AD8D4 /* libPods-EHPlainAlertExample.a */,
				B814D5B143597AF575FFD9F3 /* libPods-EHPlainAlertExampleTests.a */,
			);
			name = Frameworks;
			sourceTree = "<group>";
		};
/* End PBXGroup section */

/* Begin PBXNativeTarget section */
		83B1310B1C9AF01300987B4F /* EHPlainAlertExample */ = {
			isa = PBXNativeTarget;
			buildConfigurationList = 83B131231C9AF01300987B4F /* Build configuration list for PBXNativeTarget "EHPlainAlertExample" */;
			buildPhases = (
				D6BEEA464C87D364FA38FF11 /* [CP] Check Pods Manifest.lock */,
				83B131081C9AF01300987B4F /* Sources */,
				83B131091C9AF01300987B4F /* Frameworks */,
				83B1310A1C9AF01300987B4F /* Resources */,
				FDB6E09758EA3F990612BD49 /* [CP] Embed Pods Frameworks */,
				1B5E2E62B839F425BAEF898F /* [CP] Copy Pods Resources */,
			);
			buildRules = (
			);
			dependencies = (
			);
			name = EHPlainAlertExample;
			productName = EHPlainAlertExample;
			productReference = 83B1310C1C9AF01300987B4F /* EHPlainAlertExample.app */;
			productType = "com.apple.product-type.application";
		};
		83E7D4311CA970350011CBD6 /* EHPlainAlertExampleTests */ = {
			isa = PBXNativeTarget;
			buildConfigurationList = 83E7D43B1CA970350011CBD6 /* Build configuration list for PBXNativeTarget "EHPlainAlertExampleTests" */;
			buildPhases = (
				9D082AA550BD471AC7062EFD /* [CP] Check Pods Manifest.lock */,
				83E7D42E1CA970350011CBD6 /* Sources */,
				83E7D42F1CA970350011CBD6 /* Frameworks */,
				83E7D4301CA970350011CBD6 /* Resources */,
				92C3ABA4F71D1485EC4F16A6 /* [CP] Embed Pods Frameworks */,
				85CC7B048175128B820896BC /* [CP] Copy Pods Resources */,
			);
			buildRules = (
			);
			dependencies = (
				83E7D4381CA970350011CBD6 /* PBXTargetDependency */,
			);
			name = EHPlainAlertExampleTests;
			productName = EHPlainAlertExampleTests;
			productReference = 83E7D4321CA970350011CBD6 /* EHPlainAlertExampleTests.xctest */;
			productType = "com.apple.product-type.bundle.unit-test";
		};
/* End PBXNativeTarget section */

/* Begin PBXProject section */
		83B131041C9AF01300987B4F /* Project object */ = {
			isa = PBXProject;
			attributes = {
				LastUpgradeCheck = 0720;
				ORGANIZATIONNAME = josshad;
				TargetAttributes = {
					83B1310B1C9AF01300987B4F = {
						CreatedOnToolsVersion = 7.2;
					};
					83E7D4311CA970350011CBD6 = {
						CreatedOnToolsVersion = 7.2;
						TestTargetID = 83B1310B1C9AF01300987B4F;
					};
				};
			};
			buildConfigurationList = 83B131071C9AF01300987B4F /* Build configuration list for PBXProject "EHPlainAlertExample" */;
			compatibilityVersion = "Xcode 3.2";
			developmentRegion = English;
			hasScannedForEncodings = 0;
			knownRegions = (
				en,
				Base,
			);
			mainGroup = 83B131031C9AF01300987B4F;
			productRefGroup = 83B1310D1C9AF01300987B4F /* Products */;
			projectDirPath = "";
			projectRoot = "";
			targets = (
				83B1310B1C9AF01300987B4F /* EHPlainAlertExample */,
				83E7D4311CA970350011CBD6 /* EHPlainAlertExampleTests */,
			);
		};
/* End PBXProject section */

/* Begin PBXResourcesBuildPhase section */
		83B1310A1C9AF01300987B4F /* Resources */ = {
			isa = PBXResourcesBuildPhase;
			buildActionMask = 2147483647;
			files = (
				83B3FB811CA3016600E8EB8E /* eh_alert_info_icon@2x.png in Resources */,
				83B3FB7F1CA3016600E8EB8E /* eh_alert_complete_icon@2x.png in Resources */,
				83B3FB801CA3016600E8EB8E /* eh_alert_error_icon@2x.png in Resources */,
				83B1311F1C9AF01300987B4F /* LaunchScreen.storyboard in Resources */,
				83B3FB7E1CA3016600E8EB8E /* eh_alert_close_icon@2x.png in Resources */,
				83B1311C1C9AF01300987B4F /* Assets.xcassets in Resources */,
				83B1311A1C9AF01300987B4F /* Main.storyboard in Resources */,
			);
			runOnlyForDeploymentPostprocessing = 0;
		};
		83E7D4301CA970350011CBD6 /* Resources */ = {
			isa = PBXResourcesBuildPhase;
			buildActionMask = 2147483647;
			files = (
			);
			runOnlyForDeploymentPostprocessing = 0;
		};
/* End PBXResourcesBuildPhase section */

/* Begin PBXShellScriptBuildPhase section */
		1B5E2E62B839F425BAEF898F /* [CP] Copy Pods Resources */ = {
			isa = PBXShellScriptBuildPhase;
			buildActionMask = 2147483647;
			files = (
			);
			inputPaths = (
			);
			name = "[CP] Copy Pods Resources";
			outputPaths = (
			);
			runOnlyForDeploymentPostprocessing = 0;
			shellPath = /bin/sh;
			shellScript = "\"${SRCROOT}/Pods/Target Support Files/Pods-EHPlainAlertExample/Pods-EHPlainAlertExample-resources.sh\"\n";
			showEnvVarsInLog = 0;
		};
		85CC7B048175128B820896BC /* [CP] Copy Pods Resources */ = {
			isa = PBXShellScriptBuildPhase;
			buildActionMask = 2147483647;
			files = (
			);
			inputPaths = (
			);
			name = "[CP] Copy Pods Resources";
			outputPaths = (
			);
			runOnlyForDeploymentPostprocessing = 0;
			shellPath = /bin/sh;
			shellScript = "\"${SRCROOT}/Pods/Target Support Files/Pods-EHPlainAlertExampleTests/Pods-EHPlainAlertExampleTests-resources.sh\"\n";
			showEnvVarsInLog = 0;
		};
		92C3ABA4F71D1485EC4F16A6 /* [CP] Embed Pods Frameworks */ = {
			isa = PBXShellScriptBuildPhase;
			buildActionMask = 2147483647;
			files = (
			);
			inputPaths = (
			);
			name = "[CP] Embed Pods Frameworks";
			outputPaths = (
			);
			runOnlyForDeploymentPostprocessing = 0;
			shellPath = /bin/sh;
			shellScript = "\"${SRCROOT}/Pods/Target Support Files/Pods-EHPlainAlertExampleTests/Pods-EHPlainAlertExampleTests-frameworks.sh\"\n";
			showEnvVarsInLog = 0;
		};
		9D082AA550BD471AC7062EFD /* [CP] Check Pods Manifest.lock */ = {
			isa = PBXShellScriptBuildPhase;
			buildActionMask = 2147483647;
			files = (
			);
			inputPaths = (
			);
			name = "[CP] Check Pods Manifest.lock";
			outputPaths = (
			);
			runOnlyForDeploymentPostprocessing = 0;
			shellPath = /bin/sh;
			shellScript = "diff \"${PODS_ROOT}/../Podfile.lock\" \"${PODS_ROOT}/Manifest.lock\" > /dev/null\nif [[ $? != 0 ]] ; then\n    cat << EOM\nerror: The sandbox is not in sync with the Podfile.lock. Run 'pod install' or update your CocoaPods installation.\nEOM\n    exit 1\nfi\n";
			showEnvVarsInLog = 0;
		};
		D6BEEA464C87D364FA38FF11 /* [CP] Check Pods Manifest.lock */ = {
			isa = PBXShellScriptBuildPhase;
			buildActionMask = 2147483647;
			files = (
			);
			inputPaths = (
			);
			name = "[CP] Check Pods Manifest.lock";
			outputPaths = (
			);
			runOnlyForDeploymentPostprocessing = 0;
			shellPath = /bin/sh;
			shellScript = "diff \"${PODS_ROOT}/../Podfile.lock\" \"${PODS_ROOT}/Manifest.lock\" > /dev/null\nif [[ $? != 0 ]] ; then\n    cat << EOM\nerror: The sandbox is not in sync with the Podfile.lock. Run 'pod install' or update your CocoaPods installation.\nEOM\n    exit 1\nfi\n";
			showEnvVarsInLog = 0;
		};
		FDB6E09758EA3F990612BD49 /* [CP] Embed Pods Frameworks */ = {
			isa = PBXShellScriptBuildPhase;
			buildActionMask = 2147483647;
			files = (
			);
			inputPaths = (
			);
			name = "[CP] Embed Pods Frameworks";
			outputPaths = (
			);
			runOnlyForDeploymentPostprocessing = 0;
			shellPath = /bin/sh;
			shellScript = "\"${SRCROOT}/Pods/Target Support Files/Pods-EHPlainAlertExample/Pods-EHPlainAlertExample-frameworks.sh\"\n";
			showEnvVarsInLog = 0;
		};
/* End PBXShellScriptBuildPhase section */

/* Begin PBXSourcesBuildPhase section */
		83B131081C9AF01300987B4F /* Sources */ = {
			isa = PBXSourcesBuildPhase;
			buildActionMask = 2147483647;
			files = (
				83B131171C9AF01300987B4F /* ViewController.m in Sources */,
				83B131141C9AF01300987B4F /* AppDelegate.m in Sources */,
				83B3FB861CA3017400E8EB8E /* EHPlainAlert.m in Sources */,
				83B131111C9AF01300987B4F /* main.m in Sources */,
			);
			runOnlyForDeploymentPostprocessing = 0;
		};
		83E7D42E1CA970350011CBD6 /* Sources */ = {
			isa = PBXSourcesBuildPhase;
			buildActionMask = 2147483647;
			files = (
				83E7D4351CA970350011CBD6 /* EHPlainAlertExampleTests.m in Sources */,
			);
			runOnlyForDeploymentPostprocessing = 0;
		};
/* End PBXSourcesBuildPhase section */

/* Begin PBXTargetDependency section */
		83E7D4381CA970350011CBD6 /* PBXTargetDependency */ = {
			isa = PBXTargetDependency;
			target = 83B1310B1C9AF01300987B4F /* EHPlainAlertExample */;
			targetProxy = 83E7D4371CA970350011CBD6 /* PBXContainerItemProxy */;
		};
/* End PBXTargetDependency section */

/* Begin PBXVariantGroup section */
		83B131181C9AF01300987B4F /* Main.storyboard */ = {
			isa = PBXVariantGroup;
			children = (
				83B131191C9AF01300987B4F /* Base */,
			);
			name = Main.storyboard;
			sourceTree = "<group>";
		};
		83B1311D1C9AF01300987B4F /* LaunchScreen.storyboard */ = {
			isa = PBXVariantGroup;
			children = (
				83B1311E1C9AF01300987B4F /* Base */,
			);
			name = LaunchScreen.storyboard;
			sourceTree = "<group>";
		};
/* End PBXVariantGroup section */

/* Begin XCBuildConfiguration section */
		83B131211C9AF01300987B4F /* Debug */ = {
			isa = XCBuildConfiguration;
			buildSettings = {
				ALWAYS_SEARCH_USER_PATHS = NO;
				CLANG_CXX_LANGUAGE_STANDARD = "gnu++0x";
				CLANG_CXX_LIBRARY = "libc++";
				CLANG_ENABLE_MODULES = YES;
				CLANG_ENABLE_OBJC_ARC = YES;
				CLANG_WARN_BOOL_CONVERSION = YES;
				CLANG_WARN_CONSTANT_CONVERSION = YES;
				CLANG_WARN_DIRECT_OBJC_ISA_USAGE = YES_ERROR;
				CLANG_WARN_EMPTY_BODY = YES;
				CLANG_WARN_ENUM_CONVERSION = YES;
				CLANG_WARN_INT_CONVERSION = YES;
				CLANG_WARN_OBJC_ROOT_CLASS = YES_ERROR;
				CLANG_WARN_UNREACHABLE_CODE = YES;
				CLANG_WARN__DUPLICATE_METHOD_MATCH = YES;
				"CODE_SIGN_IDENTITY[sdk=iphoneos*]" = "iPhone Developer";
				COPY_PHASE_STRIP = NO;
				DEBUG_INFORMATION_FORMAT = dwarf;
				ENABLE_STRICT_OBJC_MSGSEND = YES;
				ENABLE_TESTABILITY = YES;
				GCC_C_LANGUAGE_STANDARD = gnu99;
				GCC_DYNAMIC_NO_PIC = NO;
				GCC_NO_COMMON_BLOCKS = YES;
				GCC_OPTIMIZATION_LEVEL = 0;
				GCC_PREPROCESSOR_DEFINITIONS = (
					"DEBUG=1",
					"$(inherited)",
				);
				GCC_WARN_64_TO_32_BIT_CONVERSION = YES;
				GCC_WARN_ABOUT_RETURN_TYPE = YES_ERROR;
				GCC_WARN_UNDECLARED_SELECTOR = YES;
				GCC_WARN_UNINITIALIZED_AUTOS = YES_AGGRESSIVE;
				GCC_WARN_UNUSED_FUNCTION = YES;
				GCC_WARN_UNUSED_VARIABLE = YES;
				IPHONEOS_DEPLOYMENT_TARGET = 9.2;
				MTL_ENABLE_DEBUG_INFO = YES;
				ONLY_ACTIVE_ARCH = YES;
				SDKROOT = iphoneos;
				TARGETED_DEVICE_FAMILY = "1,2";
			};
			name = Debug;
		};
		83B131221C9AF01300987B4F /* Release */ = {
			isa = XCBuildConfiguration;
			buildSettings = {
				ALWAYS_SEARCH_USER_PATHS = NO;
				CLANG_CXX_LANGUAGE_STANDARD = "gnu++0x";
				CLANG_CXX_LIBRARY = "libc++";
				CLANG_ENABLE_MODULES = YES;
				CLANG_ENABLE_OBJC_ARC = YES;
				CLANG_WARN_BOOL_CONVERSION = YES;
				CLANG_WARN_CONSTANT_CONVERSION = YES;
				CLANG_WARN_DIRECT_OBJC_ISA_USAGE = YES_ERROR;
				CLANG_WARN_EMPTY_BODY = YES;
				CLANG_WARN_ENUM_CONVERSION = YES;
				CLANG_WARN_INT_CONVERSION = YES;
				CLANG_WARN_OBJC_ROOT_CLASS = YES_ERROR;
				CLANG_WARN_UNREACHABLE_CODE = YES;
				CLANG_WARN__DUPLICATE_METHOD_MATCH = YES;
				"CODE_SIGN_IDENTITY[sdk=iphoneos*]" = "iPhone Developer";
				COPY_PHASE_STRIP = NO;
				DEBUG_INFORMATION_FORMAT = "dwarf-with-dsym";
				ENABLE_NS_ASSERTIONS = NO;
				ENABLE_STRICT_OBJC_MSGSEND = YES;
				GCC_C_LANGUAGE_STANDARD = gnu99;
				GCC_NO_COMMON_BLOCKS = YES;
				GCC_WARN_64_TO_32_BIT_CONVERSION = YES;
				GCC_WARN_ABOUT_RETURN_TYPE = YES_ERROR;
				GCC_WARN_UNDECLARED_SELECTOR = YES;
				GCC_WARN_UNINITIALIZED_AUTOS = YES_AGGRESSIVE;
				GCC_WARN_UNUSED_FUNCTION = YES;
				GCC_WARN_UNUSED_VARIABLE = YES;
				IPHONEOS_DEPLOYMENT_TARGET = 9.2;
				MTL_ENABLE_DEBUG_INFO = NO;
				SDKROOT = iphoneos;
				TARGETED_DEVICE_FAMILY = "1,2";
				VALIDATE_PRODUCT = YES;
			};
			name = Release;
		};
		83B131241C9AF01300987B4F /* Debug */ = {
			isa = XCBuildConfiguration;
			baseConfigurationReference = E0FB82EC9F1E0BFE9ECA5639 /* Pods-EHPlainAlertExample.debug.xcconfig */;
			buildSettings = {
				ASSETCATALOG_COMPILER_APPICON_NAME = AppIcon;
				INFOPLIST_FILE = EHPlainAlertExample/Info.plist;
				IPHONEOS_DEPLOYMENT_TARGET = 8.0;
				LD_RUNPATH_SEARCH_PATHS = "$(inherited) @executable_path/Frameworks";
				PRODUCT_BUNDLE_IDENTIFIER = com.josshad.EHPlainAlertExample;
				PRODUCT_NAME = "$(TARGET_NAME)";
			};
			name = Debug;
		};
		83B131251C9AF01300987B4F /* Release */ = {
			isa = XCBuildConfiguration;
			baseConfigurationReference = 2447FC8AB0429154960656FD /* Pods-EHPlainAlertExample.release.xcconfig */;
			buildSettings = {
				ASSETCATALOG_COMPILER_APPICON_NAME = AppIcon;
				INFOPLIST_FILE = EHPlainAlertExample/Info.plist;
				IPHONEOS_DEPLOYMENT_TARGET = 8.0;
				LD_RUNPATH_SEARCH_PATHS = "$(inherited) @executable_path/Frameworks";
				PRODUCT_BUNDLE_IDENTIFIER = com.josshad.EHPlainAlertExample;
				PRODUCT_NAME = "$(TARGET_NAME)";
			};
			name = Release;
		};
		83E7D4391CA970350011CBD6 /* Debug */ = {
			isa = XCBuildConfiguration;
			baseConfigurationReference = 721BDCAF98F67246B5E57EDC /* Pods-EHPlainAlertExampleTests.debug.xcconfig */;
			buildSettings = {
				BUNDLE_LOADER = "$(TEST_HOST)";
				INFOPLIST_FILE = EHPlainAlertExampleTests/Info.plist;
				LD_RUNPATH_SEARCH_PATHS = "$(inherited) @executable_path/Frameworks @loader_path/Frameworks";
				PRODUCT_BUNDLE_IDENTIFIER = com.josshad.EHPlainAlertExampleTests;
				PRODUCT_NAME = "$(TARGET_NAME)";
				TEST_HOST = "$(BUILT_PRODUCTS_DIR)/EHPlainAlertExample.app/EHPlainAlertExample";
			};
			name = Debug;
		};
		83E7D43A1CA970350011CBD6 /* Release */ = {
			isa = XCBuildConfiguration;
			baseConfigurationReference = C478A8684D29E5AA496C5BC5 /* Pods-EHPlainAlertExampleTests.release.xcconfig */;
			buildSettings = {
				BUNDLE_LOADER = "$(TEST_HOST)";
				INFOPLIST_FILE = EHPlainAlertExampleTests/Info.plist;
				LD_RUNPATH_SEARCH_PATHS = "$(inherited) @executable_path/Frameworks @loader_path/Frameworks";
				PRODUCT_BUNDLE_IDENTIFIER = com.josshad.EHPlainAlertExampleTests;
				PRODUCT_NAME = "$(TARGET_NAME)";
				TEST_HOST = "$(BUILT_PRODUCTS_DIR)/EHPlainAlertExample.app/EHPlainAlertExample";
			};
			name = Release;
		};
/* End XCBuildConfiguration section */

/* Begin XCConfigurationList section */
		83B131071C9AF01300987B4F /* Build configuration list for PBXProject "EHPlainAlertExample" */ = {
			isa = XCConfigurationList;
			buildConfigurations = (
				83B131211C9AF01300987B4F /* Debug */,
				83B131221C9AF01300987B4F /* Release */,
			);
			defaultConfigurationIsVisible = 0;
			defaultConfigurationName = Release;
		};
		83B131231C9AF01300987B4F /* Build configuration list for PBXNativeTarget "EHPlainAlertExample" */ = {
			isa = XCConfigurationList;
			buildConfigurations = (
				83B131241C9AF01300987B4F /* Debug */,
				83B131251C9AF01300987B4F /* Release */,
			);
			defaultConfigurationIsVisible = 0;
			defaultConfigurationName = Release;
		};
		83E7D43B1CA970350011CBD6 /* Build configuration list for PBXNativeTarget "EHPlainAlertExampleTests" */ = {
			isa = XCConfigurationList;
			buildConfigurations = (
				83E7D4391CA970350011CBD6 /* Debug */,
				83E7D43A1CA970350011CBD6 /* Release */,
			);
			defaultConfigurationIsVisible = 0;
			defaultConfigurationName = Release;
		};
/* End XCConfigurationList section */
	};
	rootObject = 83B131041C9AF01300987B4F /* Project object */;
}
